// !$*UTF8*$!
{
	archiveVersion = 1;
	classes = {
	};
	objectVersion = 56;
	objects = {

/* Begin PBXBuildFile section */
		F4462B722AB1CC4200A1508E /* AppDelegate.swift in Sources */ = {isa = PBXBuildFile; fileRef = F4462B712AB1CC4200A1508E /* AppDelegate.swift */; };
		F4462B742AB1CC4200A1508E /* SceneDelegate.swift in Sources */ = {isa = PBXBuildFile; fileRef = F4462B732AB1CC4200A1508E /* SceneDelegate.swift */; };
		F4462B792AB1CC4200A1508E /* Main.storyboard in Resources */ = {isa = PBXBuildFile; fileRef = F4462B772AB1CC4200A1508E /* Main.storyboard */; };
		F4462B7B2AB1CC4400A1508E /* Assets.xcassets in Resources */ = {isa = PBXBuildFile; fileRef = F4462B7A2AB1CC4400A1508E /* Assets.xcassets */; };
		F4462B7E2AB1CC4400A1508E /* LaunchScreen.storyboard in Resources */ = {isa = PBXBuildFile; fileRef = F4462B7C2AB1CC4400A1508E /* LaunchScreen.storyboard */; };
		F4462B892AB1D41800A1508E /* PersonsListFirstPageTVC.swift in Sources */ = {isa = PBXBuildFile; fileRef = F4462B882AB1D41800A1508E /* PersonsListFirstPageTVC.swift */; };
		F4462B8B2AB1D46200A1508E /* PersonsListSecondPageTVC.swift in Sources */ = {isa = PBXBuildFile; fileRef = F4462B8A2AB1D46200A1508E /* PersonsListSecondPageTVC.swift */; };
		F4462B8E2AB1F66500A1508E /* PersonsTVC.swift in Sources */ = {isa = PBXBuildFile; fileRef = F4462B8D2AB1F66500A1508E /* PersonsTVC.swift */; };
		F4462B912AB1FA7A00A1508E /* TableViewCell.swift in Sources */ = {isa = PBXBuildFile; fileRef = F4462B902AB1FA7A00A1508E /* TableViewCell.swift */; };
		F4EB7C6A2AB8D2A800113039 /* DetailsViewController.swift in Sources */ = {isa = PBXBuildFile; fileRef = F4EB7C692AB8D2A800113039 /* DetailsViewController.swift */; };
/* End PBXBuildFile section */

/* Begin PBXFileReference section */
		F4462B6E2AB1CC4200A1508E /* PersonsList.app */ = {isa = PBXFileReference; explicitFileType = wrapper.application; includeInIndex = 0; path = PersonsList.app; sourceTree = BUILT_PRODUCTS_DIR; };
		F4462B712AB1CC4200A1508E /* AppDelegate.swift */ = {isa = PBXFileReference; lastKnownFileType = sourcecode.swift; path = AppDelegate.swift; sourceTree = "<group>"; };
		F4462B732AB1CC4200A1508E /* SceneDelegate.swift */ = {isa = PBXFileReference; lastKnownFileType = sourcecode.swift; path = SceneDelegate.swift; sourceTree = "<group>"; };
		F4462B782AB1CC4200A1508E /* Base */ = {isa = PBXFileReference; lastKnownFileType = file.storyboard; name = Base; path = Base.lproj/Main.storyboard; sourceTree = "<group>"; };
		F4462B7A2AB1CC4400A1508E /* Assets.xcassets */ = {isa = PBXFileReference; lastKnownFileType = folder.assetcatalog; path = Assets.xcassets; sourceTree = "<group>"; };
		F4462B7D2AB1CC4400A1508E /* Base */ = {isa = PBXFileReference; lastKnownFileType = file.storyboard; name = Base; path = Base.lproj/LaunchScreen.storyboard; sourceTree = "<group>"; };
		F4462B7F2AB1CC4400A1508E /* Info.plist */ = {isa = PBXFileReference; lastKnownFileType = text.plist.xml; path = Info.plist; sourceTree = "<group>"; };
		F4462B882AB1D41800A1508E /* PersonsListFirstPageTVC.swift */ = {isa = PBXFileReference; lastKnownFileType = sourcecode.swift; path = PersonsListFirstPageTVC.swift; sourceTree = "<group>"; };
		F4462B8A2AB1D46200A1508E /* PersonsListSecondPageTVC.swift */ = {isa = PBXFileReference; lastKnownFileType = sourcecode.swift; path = PersonsListSecondPageTVC.swift; sourceTree = "<group>"; };
		F4462B8D2AB1F66500A1508E /* PersonsTVC.swift */ = {isa = PBXFileReference; lastKnownFileType = sourcecode.swift; path = PersonsTVC.swift; sourceTree = "<group>"; };
		F4462B902AB1FA7A00A1508E /* TableViewCell.swift */ = {isa = PBXFileReference; lastKnownFileType = sourcecode.swift; path = TableViewCell.swift; sourceTree = "<group>"; };
		F4EB7C692AB8D2A800113039 /* DetailsViewController.swift */ = {isa = PBXFileReference; lastKnownFileType = sourcecode.swift; path = DetailsViewController.swift; sourceTree = "<group>"; };
/* End PBXFileReference section */

/* Begin PBXFrameworksBuildPhase section */
		F4462B6B2AB1CC4200A1508E /* Frameworks */ = {
			isa = PBXFrameworksBuildPhase;
			buildActionMask = 2147483647;
			files = (
			);
			runOnlyForDeploymentPostprocessing = 0;
		};
/* End PBXFrameworksBuildPhase section */

/* Begin PBXGroup section */
		F4462B652AB1CC4200A1508E = {
			isa = PBXGroup;
			children = (
				F4462B702AB1CC4200A1508E /* PersonsList */,
				F4462B6F2AB1CC4200A1508E /* Products */,
			);
			sourceTree = "<group>";
		};
		F4462B6F2AB1CC4200A1508E /* Products */ = {
			isa = PBXGroup;
			children = (
				F4462B6E2AB1CC4200A1508E /* PersonsList.app */,
			);
			name = Products;
			sourceTree = "<group>";
		};
		F4462B702AB1CC4200A1508E /* PersonsList */ = {
			isa = PBXGroup;
			children = (
				F4462B8F2AB1FA1F00A1508E /* PersonCell */,
				F4462B8C2AB1F61B00A1508E /* Persons */,
				F4462B862AB1CF2C00A1508E /* Controllers */,
				F4462B852AB1CC9300A1508E /* Delegates */,
				F4462B872AB1D38200A1508E /* Views */,
				F4462B7A2AB1CC4400A1508E /* Assets.xcassets */,
				F4462B7F2AB1CC4400A1508E /* Info.plist */,
			);
			path = PersonsList;
			sourceTree = "<group>";
		};
		F4462B852AB1CC9300A1508E /* Delegates */ = {
			isa = PBXGroup;
			children = (
				F4462B712AB1CC4200A1508E /* AppDelegate.swift */,
				F4462B732AB1CC4200A1508E /* SceneDelegate.swift */,
			);
			path = Delegates;
			sourceTree = "<group>";
		};
		F4462B862AB1CF2C00A1508E /* Controllers */ = {
			isa = PBXGroup;
			children = (
				F4462B882AB1D41800A1508E /* PersonsListFirstPageTVC.swift */,
				F4462B8A2AB1D46200A1508E /* PersonsListSecondPageTVC.swift */,
				F4EB7C692AB8D2A800113039 /* DetailsViewController.swift */,
			);
			path = Controllers;
			sourceTree = "<group>";
		};
		F4462B872AB1D38200A1508E /* Views */ = {
			isa = PBXGroup;
			children = (
				F4462B772AB1CC4200A1508E /* Main.storyboard */,
				F4462B7C2AB1CC4400A1508E /* LaunchScreen.storyboard */,
			);
			path = Views;
			sourceTree = "<group>";
		};
		F4462B8C2AB1F61B00A1508E /* Persons */ = {
			isa = PBXGroup;
			children = (
				F4462B8D2AB1F66500A1508E /* PersonsTVC.swift */,
			);
			path = Persons;
			sourceTree = "<group>";
		};
		F4462B8F2AB1FA1F00A1508E /* PersonCell */ = {
			isa = PBXGroup;
			children = (
				F4462B902AB1FA7A00A1508E /* TableViewCell.swift */,
			);
			path = PersonCell;
			sourceTree = "<group>";
		};
/* End PBXGroup section */

/* Begin PBXNativeTarget section */
		F4462B6D2AB1CC4200A1508E /* PersonsList */ = {
			isa = PBXNativeTarget;
			buildConfigurationList = F4462B822AB1CC4400A1508E /* Build configuration list for PBXNativeTarget "PersonsList" */;
			buildPhases = (
				F4462B6A2AB1CC4200A1508E /* Sources */,
				F4462B6B2AB1CC4200A1508E /* Frameworks */,
				F4462B6C2AB1CC4200A1508E /* Resources */,
			);
			buildRules = (
			);
			dependencies = (
			);
			name = PersonsList;
			productName = PersonsList;
			productReference = F4462B6E2AB1CC4200A1508E /* PersonsList.app */;
			productType = "com.apple.product-type.application";
		};
/* End PBXNativeTarget section */

/* Begin PBXProject section */
		F4462B662AB1CC4200A1508E /* Project object */ = {
			isa = PBXProject;
			attributes = {
				BuildIndependentTargetsInParallel = 1;
				LastSwiftUpdateCheck = 1430;
				LastUpgradeCheck = 1430;
				TargetAttributes = {
					F4462B6D2AB1CC4200A1508E = {
						CreatedOnToolsVersion = 14.3.1;
					};
				};
			};
			buildConfigurationList = F4462B692AB1CC4200A1508E /* Build configuration list for PBXProject "PersonsList" */;
			compatibilityVersion = "Xcode 14.0";
			developmentRegion = en;
			hasScannedForEncodings = 0;
			knownRegions = (
				en,
				Base,
			);
			mainGroup = F4462B652AB1CC4200A1508E;
			productRefGroup = F4462B6F2AB1CC4200A1508E /* Products */;
			projectDirPath = "";
			projectRoot = "";
			targets = (
				F4462B6D2AB1CC4200A1508E /* PersonsList */,
			);
		};
/* End PBXProject section */

/* Begin PBXResourcesBuildPhase section */
		F4462B6C2AB1CC4200A1508E /* Resources */ = {
			isa = PBXResourcesBuildPhase;
			buildActionMask = 2147483647;
			files = (
				F4462B7E2AB1CC4400A1508E /* LaunchScreen.storyboard in Resources */,
				F4462B7B2AB1CC4400A1508E /* Assets.xcassets in Resources */,
				F4462B792AB1CC4200A1508E /* Main.storyboard in Resources */,
			);
			runOnlyForDeploymentPostprocessing = 0;
		};
/* End PBXResourcesBuildPhase section */

/* Begin PBXSourcesBuildPhase section */
		F4462B6A2AB1CC4200A1508E /* Sources */ = {
			isa = PBXSourcesBuildPhase;
			buildActionMask = 2147483647;
			files = (
				F4462B722AB1CC4200A1508E /* AppDelegate.swift in Sources */,
				F4462B8E2AB1F66500A1508E /* PersonsTVC.swift in Sources */,
				F4462B8B2AB1D46200A1508E /* PersonsListSecondPageTVC.swift in Sources */,
				F4462B912AB1FA7A00A1508E /* TableViewCell.swift in Sources */,
				F4EB7C6A2AB8D2A800113039 /* DetailsViewController.swift in Sources */,
				F4462B742AB1CC4200A1508E /* SceneDelegate.swift in Sources */,
				F4462B892AB1D41800A1508E /* PersonsListFirstPageTVC.swift in Sources */,
			);
			runOnlyForDeploymentPostprocessing = 0;
		};
/* End PBXSourcesBuildPhase section */

/* Begin PBXVariantGroup section */
		F4462B772AB1CC4200A1508E /* Main.storyboard */ = {
			isa = PBXVariantGroup;
			children = (
				F4462B782AB1CC4200A1508E /* Base */,
			);
			name = Main.storyboard;
			sourceTree = "<group>";
		};
		F4462B7C2AB1CC4400A1508E /* LaunchScreen.storyboard */ = {
			isa = PBXVariantGroup;
			children = (
				F4462B7D2AB1CC4400A1508E /* Base */,
			);
			name = LaunchScreen.storyboard;
			sourceTree = "<group>";
		};
/* End PBXVariantGroup section */

/* Begin XCBuildConfiguration section */
		F4462B802AB1CC4400A1508E /* Debug */ = {
			isa = XCBuildConfiguration;
			buildSettings = {
				ALWAYS_SEARCH_USER_PATHS = NO;
				CLANG_ANALYZER_NONNULL = YES;
				CLANG_ANALYZER_NUMBER_OBJECT_CONVERSION = YES_AGGRESSIVE;
				CLANG_CXX_LANGUAGE_STANDARD = "gnu++20";
				CLANG_ENABLE_MODULES = YES;
				CLANG_ENABLE_OBJC_ARC = YES;
				CLANG_ENABLE_OBJC_WEAK = YES;
				CLANG_WARN_BLOCK_CAPTURE_AUTORELEASING = YES;
				CLANG_WARN_BOOL_CONVERSION = YES;
				CLANG_WARN_COMMA = YES;
				CLANG_WARN_CONSTANT_CONVERSION = YES;
				CLANG_WARN_DEPRECATED_OBJC_IMPLEMENTATIONS = YES;
				CLANG_WARN_DIRECT_OBJC_ISA_USAGE = YES_ERROR;
				CLANG_WARN_DOCUMENTATION_COMMENTS = YES;
				CLANG_WARN_EMPTY_BODY = YES;
				CLANG_WARN_ENUM_CONVERSION = YES;
				CLANG_WARN_INFINITE_RECURSION = YES;
				CLANG_WARN_INT_CONVERSION = YES;
				CLANG_WARN_NON_LITERAL_NULL_CONVERSION = YES;
				CLANG_WARN_OBJC_IMPLICIT_RETAIN_SELF = YES;
				CLANG_WARN_OBJC_LITERAL_CONVERSION = YES;
				CLANG_WARN_OBJC_ROOT_CLASS = YES_ERROR;
				CLANG_WARN_QUOTED_INCLUDE_IN_FRAMEWORK_HEADER = YES;
				CLANG_WARN_RANGE_LOOP_ANALYSIS = YES;
				CLANG_WARN_STRICT_PROTOTYPES = YES;
				CLANG_WARN_SUSPICIOUS_MOVE = YES;
				CLANG_WARN_UNGUARDED_AVAILABILITY = YES_AGGRESSIVE;
				CLANG_WARN_UNREACHABLE_CODE = YES;
				CLANG_WARN__DUPLICATE_METHOD_MATCH = YES;
				COPY_PHASE_STRIP = NO;
				DEBUG_INFORMATION_FORMAT = dwarf;
				ENABLE_STRICT_OBJC_MSGSEND = YES;
				ENABLE_TESTABILITY = YES;
				GCC_C_LANGUAGE_STANDARD = gnu11;
				GCC_DYNAMIC_NO_PIC = NO;
				GCC_NO_COMMON_BLOCKS = YES;
				GCC_OPTIMIZATION_LEVEL = 0;
				GCC_PREPROCESSOR_DEFINITIONS = (
					"DEBUG=1",
					"$(inherited)",
				);
				GCC_WARN_64_TO_32_BIT_CONVERSION = YES;
				GCC_WARN_ABOUT_RETURN_TYPE = YES_ERROR;
				GCC_WARN_UNDECLARED_SELECTOR = YES;
				GCC_WARN_UNINITIALIZED_AUTOS = YES_AGGRESSIVE;
				GCC_WARN_UNUSED_FUNCTION = YES;
				GCC_WARN_UNUSED_VARIABLE = YES;
				IPHONEOS_DEPLOYMENT_TARGET = 16.4;
				MTL_ENABLE_DEBUG_INFO = INCLUDE_SOURCE;
				MTL_FAST_MATH = YES;
				ONLY_ACTIVE_ARCH = YES;
				SDKROOT = iphoneos;
				SWIFT_ACTIVE_COMPILATION_CONDITIONS = DEBUG;
				SWIFT_OPTIMIZATION_LEVEL = "-Onone";
			};
			name = Debug;
		};
		F4462B812AB1CC4400A1508E /* Release */ = {
			isa = XCBuildConfiguration;
			buildSettings = {
				ALWAYS_SEARCH_USER_PATHS = NO;
				CLANG_ANALYZER_NONNULL = YES;
				CLANG_ANALYZER_NUMBER_OBJECT_CONVERSION = YES_AGGRESSIVE;
				CLANG_CXX_LANGUAGE_STANDARD = "gnu++20";
				CLANG_ENABLE_MODULES = YES;
				CLANG_ENABLE_OBJC_ARC = YES;
				CLANG_ENABLE_OBJC_WEAK = YES;
				CLANG_WARN_BLOCK_CAPTURE_AUTORELEASING = YES;
				CLANG_WARN_BOOL_CONVERSION = YES;
				CLANG_WARN_COMMA = YES;
				CLANG_WARN_CONSTANT_CONVERSION = YES;
				CLANG_WARN_DEPRECATED_OBJC_IMPLEMENTATIONS = YES;
				CLANG_WARN_DIRECT_OBJC_ISA_USAGE = YES_ERROR;
				CLANG_WARN_DOCUMENTATION_COMMENTS = YES;
				CLANG_WARN_EMPTY_BODY = YES;
				CLANG_WARN_ENUM_CONVERSION = YES;
				CLANG_WARN_INFINITE_RECURSION = YES;
				CLANG_WARN_INT_CONVERSION = YES;
				CLANG_WARN_NON_LITERAL_NULL_CONVERSION = YES;
				CLANG_WARN_OBJC_IMPLICIT_RETAIN_SELF = YES;
				CLANG_WARN_OBJC_LITERAL_CONVERSION = YES;
				CLANG_WARN_OBJC_ROOT_CLASS = YES_ERROR;
				CLANG_WARN_QUOTED_INCLUDE_IN_FRAMEWORK_HEADER = YES;
				CLANG_WARN_RANGE_LOOP_ANALYSIS = YES;
				CLANG_WARN_STRICT_PROTOTYPES = YES;
				CLANG_WARN_SUSPICIOUS_MOVE = YES;
				CLANG_WARN_UNGUARDED_AVAILABILITY = YES_AGGRESSIVE;
				CLANG_WARN_UNREACHABLE_CODE = YES;
				CLANG_WARN__DUPLICATE_METHOD_MATCH = YES;
				COPY_PHASE_STRIP = NO;
				DEBUG_INFORMATION_FORMAT = "dwarf-with-dsym";
				ENABLE_NS_ASSERTIONS = NO;
				ENABLE_STRICT_OBJC_MSGSEND = YES;
				GCC_C_LANGUAGE_STANDARD = gnu11;
				GCC_NO_COMMON_BLOCKS = YES;
				GCC_WARN_64_TO_32_BIT_CONVERSION = YES;
				GCC_WARN_ABOUT_RETURN_TYPE = YES_ERROR;
				GCC_WARN_UNDECLARED_SELECTOR = YES;
				GCC_WARN_UNINITIALIZED_AUTOS = YES_AGGRESSIVE;
				GCC_WARN_UNUSED_FUNCTION = YES;
				GCC_WARN_UNUSED_VARIABLE = YES;
				IPHONEOS_DEPLOYMENT_TARGET = 16.4;
				MTL_ENABLE_DEBUG_INFO = NO;
				MTL_FAST_MATH = YES;
				SDKROOT = iphoneos;
				SWIFT_COMPILATION_MODE = wholemodule;
				SWIFT_OPTIMIZATION_LEVEL = "-O";
				VALIDATE_PRODUCT = YES;
			};
			name = Release;
		};
		F4462B832AB1CC4400A1508E /* Debug */ = {
			isa = XCBuildConfiguration;
			buildSettings = {
				ASSETCATALOG_COMPILER_APPICON_NAME = AppIcon;
				ASSETCATALOG_COMPILER_GLOBAL_ACCENT_COLOR_NAME = AccentColor;
				CODE_SIGN_STYLE = Automatic;
				CURRENT_PROJECT_VERSION = 1;
				DEVELOPMENT_TEAM = 94FVSLY3WZ;
				GENERATE_INFOPLIST_FILE = YES;
				INFOPLIST_FILE = PersonsList/Info.plist;
				INFOPLIST_KEY_UIApplicationSupportsIndirectInputEvents = YES;
				INFOPLIST_KEY_UILaunchStoryboardName = LaunchScreen;
				INFOPLIST_KEY_UIMainStoryboardFile = Main;
				INFOPLIST_KEY_UISupportedInterfaceOrientations = UIInterfaceOrientationPortrait;
				INFOPLIST_KEY_UISupportedInterfaceOrientations_iPad = "UIInterfaceOrientationLandscapeLeft UIInterfaceOrientationLandscapeRight UIInterfaceOrientationPortrait UIInterfaceOrientationPortraitUpsideDown";
				LD_RUNPATH_SEARCH_PATHS = (
					"$(inherited)",
					"@executable_path/Frameworks",
				);
				MARKETING_VERSION = 1.0;
				PRODUCT_BUNDLE_IDENTIFIER = by.sanches.PersonsList;
				PRODUCT_NAME = "$(TARGET_NAME)";
				SWIFT_EMIT_LOC_STRINGS = YES;
				SWIFT_VERSION = 5.0;
				TARGETED_DEVICE_FAMILY = "1,2";
			};
			name = Debug;
		};
		F4462B842AB1CC4400A1508E /* Release */ = {
			isa = XCBuildConfiguration;
			buildSettings = {
				ASSETCATALOG_COMPILER_APPICON_NAME = AppIcon;
				ASSETCATALOG_COMPILER_GLOBAL_ACCENT_COLOR_NAME = AccentColor;
				CODE_SIGN_STYLE = Automatic;
				CURRENT_PROJECT_VERSION = 1;
				DEVELOPMENT_TEAM = 94FVSLY3WZ;
				GENERATE_INFOPLIST_FILE = YES;
				INFOPLIST_FILE = PersonsList/Info.plist;
				INFOPLIST_KEY_UIApplicationSupportsIndirectInputEvents = YES;
				INFOPLIST_KEY_UILaunchStoryboardName = LaunchScreen;
				INFOPLIST_KEY_UIMainStoryboardFile = Main;
				INFOPLIST_KEY_UISupportedInterfaceOrientations = UIInterfaceOrientationPortrait;
				INFOPLIST_KEY_UISupportedInterfaceOrientations_iPad = "UIInterfaceOrientationLandscapeLeft UIInterfaceOrientationLandscapeRight UIInterfaceOrientationPortrait UIInterfaceOrientationPortraitUpsideDown";
				LD_RUNPATH_SEARCH_PATHS = (
					"$(inherited)",
					"@executable_path/Frameworks",
				);
				MARKETING_VERSION = 1.0;
				PRODUCT_BUNDLE_IDENTIFIER = by.sanches.PersonsList;
				PRODUCT_NAME = "$(TARGET_NAME)";
				SWIFT_EMIT_LOC_STRINGS = YES;
				SWIFT_VERSION = 5.0;
				TARGETED_DEVICE_FAMILY = "1,2";
			};
			name = Release;
		};
/* End XCBuildConfiguration section */

/* Begin XCConfigurationList section */
		F4462B692AB1CC4200A1508E /* Build configuration list for PBXProject "PersonsList" */ = {
			isa = XCConfigurationList;
			buildConfigurations = (
				F4462B802AB1CC4400A1508E /* Debug */,
				F4462B812AB1CC4400A1508E /* Release */,
			);
			defaultConfigurationIsVisible = 0;
			defaultConfigurationName = Release;
		};
		F4462B822AB1CC4400A1508E /* Build configuration list for PBXNativeTarget "PersonsList" */ = {
			isa = XCConfigurationList;
			buildConfigurations = (
				F4462B832AB1CC4400A1508E /* Debug */,
				F4462B842AB1CC4400A1508E /* Release */,
			);
			defaultConfigurationIsVisible = 0;
			defaultConfigurationName = Release;
		};
/* End XCConfigurationList section */
	};
	rootObject = F4462B662AB1CC4200A1508E /* Project object */;
}
